
Microsoft Visual Studio Solution File, Format Version 12.00
# Visual Studio 15
VisualStudioVersion = 15.0.27428.2011
MinimumVisualStudioVersion = 10.0.40219.1
Project("{FAE04EC0-301F-11D3-BF4B-00C04F79EFBC}") = "EyeTrackerCore", "EyeTrackerCore\EyeTrackerCore.csproj", "{D5199F85-8A57-4DBD-993B-D76E9729E750}"
EndProject
Global
	GlobalSection(SolutionConfigurationPlatforms) = preSolution
		Debug|Any CPU = Debug|Any CPU
		Release|Any CPU = Release|Any CPU
	EndGlobalSection
	GlobalSection(ProjectConfigurationPlatforms) = postSolution
		{D5199F85-8A57-4DBD-993B-D76E9729E750}.Debug|Any CPU.ActiveCfg = Debug|Any CPU
		{D5199F85-8A57-4DBD-993B-D76E9729E750}.Debug|Any CPU.Build.0 = Debug|Any CPU
		{D5199F85-8A57-4DBD-993B-D76E9729E750}.Release|Any CPU.ActiveCfg = Release|Any CPU
		{D5199F85-8A57-4DBD-993B-D76E9729E750}.Release|Any CPU.Build.0 = Release|Any CPU
	EndGlobalSection
	GlobalSection(SolutionProperties) = preSolution
		HideSolutionNode = FALSE
	EndGlobalSection
	GlobalSection(ExtensibilityGlobals) = postSolution
		SolutionGuid = {025D5617-2D52-46C8-9865-1F8A462A99D8}
	EndGlobalSection
EndGlobal
